{
  "requires": true,
  "lockfileVersion": 1,
  "dependencies": {
    "vue-currency-input": {
      "version": "1.22.3",
      "resolved": "https://registry.npmjs.org/vue-currency-input/-/vue-currency-input-1.22.3.tgz",
      "integrity": "sha512-vrOaaiCSG8Hh7Fw7CYROIymFvVprWKaze3h67sihqJ4QAI9F+YElTQYv0fJwFK1NkKUS8H/MvAL0mwg9qrUfgg=="
    }
  }
}
